// !$*UTF8*$!
{
	archiveVersion = 1;
	classes = {
	};
	objectVersion = 56;
	objects = {

/* Begin PBXBuildFile section */
		A4CADA202B44A64700E329D8 /* INR_Tracker_iOS_AppApp.swift in Sources */ = {isa = PBXBuildFile; fileRef = A4CADA1F2B44A64700E329D8 /* INR_Tracker_iOS_AppApp.swift */; };
		A4CADA222B44A64700E329D8 /* ContentView.swift in Sources */ = {isa = PBXBuildFile; fileRef = A4CADA212B44A64700E329D8 /* ContentView.swift */; };
		A4CADA242B44A64800E329D8 /* Assets.xcassets in Resources */ = {isa = PBXBuildFile; fileRef = A4CADA232B44A64800E329D8 /* Assets.xcassets */; };
		A4CADA272B44A64800E329D8 /* Preview Assets.xcassets in Resources */ = {isa = PBXBuildFile; fileRef = A4CADA262B44A64800E329D8 /* Preview Assets.xcassets */; };
		A4CADA312B44A6C200E329D8 /* InputView.swift in Sources */ = {isa = PBXBuildFile; fileRef = A4CADA302B44A6C200E329D8 /* InputView.swift */; };
		A4CADA332B44A6E600E329D8 /* SettingsRowView.swift in Sources */ = {isa = PBXBuildFile; fileRef = A4CADA322B44A6E600E329D8 /* SettingsRowView.swift */; };
		A4CADA352B44A70000E329D8 /* GoogleService-Info.plist in Resources */ = {isa = PBXBuildFile; fileRef = A4CADA342B44A70000E329D8 /* GoogleService-Info.plist */; };
		A4CADA392B44A73500E329D8 /* ProfileView.swift in Sources */ = {isa = PBXBuildFile; fileRef = A4CADA382B44A73500E329D8 /* ProfileView.swift */; };
		A4CADA3E2B44A76E00E329D8 /* LoginView.swift in Sources */ = {isa = PBXBuildFile; fileRef = A4CADA3D2B44A76E00E329D8 /* LoginView.swift */; };
		A4CADA402B44A79100E329D8 /* RegistrationView.swift in Sources */ = {isa = PBXBuildFile; fileRef = A4CADA3F2B44A79100E329D8 /* RegistrationView.swift */; };
		A4CADA422B44A7B900E329D8 /* AuthViewModel.swift in Sources */ = {isa = PBXBuildFile; fileRef = A4CADA412B44A7B900E329D8 /* AuthViewModel.swift */; };
		A4CADA462B44A88600E329D8 /* User.swift in Sources */ = {isa = PBXBuildFile; fileRef = A4CADA452B44A88600E329D8 /* User.swift */; };
		A4DBF73F2B44AB3000BCDD64 /* FirebaseAnalytics in Frameworks */ = {isa = PBXBuildFile; productRef = A4DBF73E2B44AB3000BCDD64 /* FirebaseAnalytics */; };
		A4DBF7412B44AB3000BCDD64 /* FirebaseAnalyticsOnDeviceConversion in Frameworks */ = {isa = PBXBuildFile; productRef = A4DBF7402B44AB3000BCDD64 /* FirebaseAnalyticsOnDeviceConversion */; };
		A4DBF7432B44AB3000BCDD64 /* FirebaseAnalyticsSwift in Frameworks */ = {isa = PBXBuildFile; productRef = A4DBF7422B44AB3000BCDD64 /* FirebaseAnalyticsSwift */; };
		A4DBF7452B44AB3000BCDD64 /* FirebaseAnalyticsWithoutAdIdSupport in Frameworks */ = {isa = PBXBuildFile; productRef = A4DBF7442B44AB3000BCDD64 /* FirebaseAnalyticsWithoutAdIdSupport */; };
		A4DBF7472B44AB3000BCDD64 /* FirebaseAppCheck in Frameworks */ = {isa = PBXBuildFile; productRef = A4DBF7462B44AB3000BCDD64 /* FirebaseAppCheck */; };
		A4DBF7492B44AB3000BCDD64 /* FirebaseAppDistribution-Beta in Frameworks */ = {isa = PBXBuildFile; productRef = A4DBF7482B44AB3000BCDD64 /* FirebaseAppDistribution-Beta */; };
		A4DBF74B2B44AB3000BCDD64 /* FirebaseAuth in Frameworks */ = {isa = PBXBuildFile; productRef = A4DBF74A2B44AB3000BCDD64 /* FirebaseAuth */; };
		A4DBF74D2B44AB3000BCDD64 /* FirebaseAuthCombine-Community in Frameworks */ = {isa = PBXBuildFile; productRef = A4DBF74C2B44AB3000BCDD64 /* FirebaseAuthCombine-Community */; };
		A4DBF74F2B44AB3000BCDD64 /* FirebaseCrashlytics in Frameworks */ = {isa = PBXBuildFile; productRef = A4DBF74E2B44AB3000BCDD64 /* FirebaseCrashlytics */; };
		A4DBF7512B44AB3000BCDD64 /* FirebaseDatabase in Frameworks */ = {isa = PBXBuildFile; productRef = A4DBF7502B44AB3000BCDD64 /* FirebaseDatabase */; };
		A4DBF7532B44AB3000BCDD64 /* FirebaseDatabaseSwift in Frameworks */ = {isa = PBXBuildFile; productRef = A4DBF7522B44AB3000BCDD64 /* FirebaseDatabaseSwift */; };
		A4DBF7552B44AB3000BCDD64 /* FirebaseDynamicLinks in Frameworks */ = {isa = PBXBuildFile; productRef = A4DBF7542B44AB3000BCDD64 /* FirebaseDynamicLinks */; };
		A4DBF7572B44AB3000BCDD64 /* FirebaseFirestore in Frameworks */ = {isa = PBXBuildFile; productRef = A4DBF7562B44AB3000BCDD64 /* FirebaseFirestore */; };
		A4DBF7592B44AB3000BCDD64 /* FirebaseFirestoreCombine-Community in Frameworks */ = {isa = PBXBuildFile; productRef = A4DBF7582B44AB3000BCDD64 /* FirebaseFirestoreCombine-Community */; };
		A4DBF75B2B44AB3000BCDD64 /* FirebaseFirestoreSwift in Frameworks */ = {isa = PBXBuildFile; productRef = A4DBF75A2B44AB3000BCDD64 /* FirebaseFirestoreSwift */; };
		A4DBF75D2B44AB3000BCDD64 /* FirebaseFunctions in Frameworks */ = {isa = PBXBuildFile; productRef = A4DBF75C2B44AB3000BCDD64 /* FirebaseFunctions */; };
		A4DBF75F2B44AB3000BCDD64 /* FirebaseFunctionsCombine-Community in Frameworks */ = {isa = PBXBuildFile; productRef = A4DBF75E2B44AB3000BCDD64 /* FirebaseFunctionsCombine-Community */; };
		A4DBF7612B44AB3000BCDD64 /* FirebaseInAppMessaging-Beta in Frameworks */ = {isa = PBXBuildFile; productRef = A4DBF7602B44AB3000BCDD64 /* FirebaseInAppMessaging-Beta */; };
		A4DBF7632B44AB3000BCDD64 /* FirebaseInAppMessagingSwift-Beta in Frameworks */ = {isa = PBXBuildFile; productRef = A4DBF7622B44AB3000BCDD64 /* FirebaseInAppMessagingSwift-Beta */; };
		A4DBF7652B44AB3000BCDD64 /* FirebaseInstallations in Frameworks */ = {isa = PBXBuildFile; productRef = A4DBF7642B44AB3000BCDD64 /* FirebaseInstallations */; };
		A4DBF7672B44AB3000BCDD64 /* FirebaseMLModelDownloader in Frameworks */ = {isa = PBXBuildFile; productRef = A4DBF7662B44AB3000BCDD64 /* FirebaseMLModelDownloader */; };
		A4DBF7692B44AB3000BCDD64 /* FirebaseMessaging in Frameworks */ = {isa = PBXBuildFile; productRef = A4DBF7682B44AB3000BCDD64 /* FirebaseMessaging */; };
		A4DBF76B2B44AB3000BCDD64 /* FirebasePerformance in Frameworks */ = {isa = PBXBuildFile; productRef = A4DBF76A2B44AB3000BCDD64 /* FirebasePerformance */; };
		A4DBF76D2B44AB3000BCDD64 /* FirebaseRemoteConfig in Frameworks */ = {isa = PBXBuildFile; productRef = A4DBF76C2B44AB3000BCDD64 /* FirebaseRemoteConfig */; };
		A4DBF76F2B44AB3000BCDD64 /* FirebaseRemoteConfigSwift in Frameworks */ = {isa = PBXBuildFile; productRef = A4DBF76E2B44AB3000BCDD64 /* FirebaseRemoteConfigSwift */; };
		A4DBF7712B44AB3000BCDD64 /* FirebaseStorage in Frameworks */ = {isa = PBXBuildFile; productRef = A4DBF7702B44AB3000BCDD64 /* FirebaseStorage */; };
		A4DBF7732B44AB3000BCDD64 /* FirebaseStorageCombine-Community in Frameworks */ = {isa = PBXBuildFile; productRef = A4DBF7722B44AB3000BCDD64 /* FirebaseStorageCombine-Community */; };
/* End PBXBuildFile section */

/* Begin PBXFileReference section */
		A4CADA1C2B44A64700E329D8 /* INR_Tracker_iOS_App.app */ = {isa = PBXFileReference; explicitFileType = wrapper.application; includeInIndex = 0; path = INR_Tracker_iOS_App.app; sourceTree = BUILT_PRODUCTS_DIR; };
		A4CADA1F2B44A64700E329D8 /* INR_Tracker_iOS_AppApp.swift */ = {isa = PBXFileReference; lastKnownFileType = sourcecode.swift; path = INR_Tracker_iOS_AppApp.swift; sourceTree = "<group>"; };
		A4CADA212B44A64700E329D8 /* ContentView.swift */ = {isa = PBXFileReference; lastKnownFileType = sourcecode.swift; path = ContentView.swift; sourceTree = "<group>"; };
		A4CADA232B44A64800E329D8 /* Assets.xcassets */ = {isa = PBXFileReference; lastKnownFileType = folder.assetcatalog; path = Assets.xcassets; sourceTree = "<group>"; };
		A4CADA262B44A64800E329D8 /* Preview Assets.xcassets */ = {isa = PBXFileReference; lastKnownFileType = folder.assetcatalog; path = "Preview Assets.xcassets"; sourceTree = "<group>"; };
		A4CADA302B44A6C200E329D8 /* InputView.swift */ = {isa = PBXFileReference; lastKnownFileType = sourcecode.swift; path = InputView.swift; sourceTree = "<group>"; };
		A4CADA322B44A6E600E329D8 /* SettingsRowView.swift */ = {isa = PBXFileReference; lastKnownFileType = sourcecode.swift; path = SettingsRowView.swift; sourceTree = "<group>"; };
		A4CADA342B44A70000E329D8 /* GoogleService-Info.plist */ = {isa = PBXFileReference; fileEncoding = 4; lastKnownFileType = text.plist.xml; path = "GoogleService-Info.plist"; sourceTree = "<group>"; };
		A4CADA382B44A73500E329D8 /* ProfileView.swift */ = {isa = PBXFileReference; lastKnownFileType = sourcecode.swift; path = ProfileView.swift; sourceTree = "<group>"; };
		A4CADA3D2B44A76E00E329D8 /* LoginView.swift */ = {isa = PBXFileReference; lastKnownFileType = sourcecode.swift; path = LoginView.swift; sourceTree = "<group>"; };
		A4CADA3F2B44A79100E329D8 /* RegistrationView.swift */ = {isa = PBXFileReference; lastKnownFileType = sourcecode.swift; path = RegistrationView.swift; sourceTree = "<group>"; };
		A4CADA412B44A7B900E329D8 /* AuthViewModel.swift */ = {isa = PBXFileReference; lastKnownFileType = sourcecode.swift; path = AuthViewModel.swift; sourceTree = "<group>"; };
		A4CADA452B44A88600E329D8 /* User.swift */ = {isa = PBXFileReference; lastKnownFileType = sourcecode.swift; path = User.swift; sourceTree = "<group>"; };
/* End PBXFileReference section */

/* Begin PBXFrameworksBuildPhase section */
		A4CADA192B44A64700E329D8 /* Frameworks */ = {
			isa = PBXFrameworksBuildPhase;
			buildActionMask = 2147483647;
			files = (
				A4DBF7512B44AB3000BCDD64 /* FirebaseDatabase in Frameworks */,
				A4DBF75F2B44AB3000BCDD64 /* FirebaseFunctionsCombine-Community in Frameworks */,
				A4DBF7572B44AB3000BCDD64 /* FirebaseFirestore in Frameworks */,
				A4DBF7432B44AB3000BCDD64 /* FirebaseAnalyticsSwift in Frameworks */,
				A4DBF73F2B44AB3000BCDD64 /* FirebaseAnalytics in Frameworks */,
				A4DBF7412B44AB3000BCDD64 /* FirebaseAnalyticsOnDeviceConversion in Frameworks */,
				A4DBF7672B44AB3000BCDD64 /* FirebaseMLModelDownloader in Frameworks */,
				A4DBF75B2B44AB3000BCDD64 /* FirebaseFirestoreSwift in Frameworks */,
				A4DBF7472B44AB3000BCDD64 /* FirebaseAppCheck in Frameworks */,
				A4DBF7452B44AB3000BCDD64 /* FirebaseAnalyticsWithoutAdIdSupport in Frameworks */,
				A4DBF74B2B44AB3000BCDD64 /* FirebaseAuth in Frameworks */,
				A4DBF74F2B44AB3000BCDD64 /* FirebaseCrashlytics in Frameworks */,
				A4DBF76F2B44AB3000BCDD64 /* FirebaseRemoteConfigSwift in Frameworks */,
				A4DBF7612B44AB3000BCDD64 /* FirebaseInAppMessaging-Beta in Frameworks */,
				A4DBF7532B44AB3000BCDD64 /* FirebaseDatabaseSwift in Frameworks */,
				A4DBF75D2B44AB3000BCDD64 /* FirebaseFunctions in Frameworks */,
				A4DBF7732B44AB3000BCDD64 /* FirebaseStorageCombine-Community in Frameworks */,
				A4DBF76D2B44AB3000BCDD64 /* FirebaseRemoteConfig in Frameworks */,
				A4DBF7492B44AB3000BCDD64 /* FirebaseAppDistribution-Beta in Frameworks */,
				A4DBF74D2B44AB3000BCDD64 /* FirebaseAuthCombine-Community in Frameworks */,
				A4DBF76B2B44AB3000BCDD64 /* FirebasePerformance in Frameworks */,
				A4DBF7632B44AB3000BCDD64 /* FirebaseInAppMessagingSwift-Beta in Frameworks */,
				A4DBF7712B44AB3000BCDD64 /* FirebaseStorage in Frameworks */,
				A4DBF7552B44AB3000BCDD64 /* FirebaseDynamicLinks in Frameworks */,
				A4DBF7592B44AB3000BCDD64 /* FirebaseFirestoreCombine-Community in Frameworks */,
				A4DBF7692B44AB3000BCDD64 /* FirebaseMessaging in Frameworks */,
				A4DBF7652B44AB3000BCDD64 /* FirebaseInstallations in Frameworks */,
			);
			runOnlyForDeploymentPostprocessing = 0;
		};
/* End PBXFrameworksBuildPhase section */

/* Begin PBXGroup section */
		A4CADA132B44A64700E329D8 = {
			isa = PBXGroup;
			children = (
				A4CADA1E2B44A64700E329D8 /* INR_Tracker_iOS_App */,
				A4CADA1D2B44A64700E329D8 /* Products */,
			);
			sourceTree = "<group>";
		};
		A4CADA1D2B44A64700E329D8 /* Products */ = {
			isa = PBXGroup;
			children = (
				A4CADA1C2B44A64700E329D8 /* INR_Tracker_iOS_App.app */,
			);
			name = Products;
			sourceTree = "<group>";
		};
		A4CADA1E2B44A64700E329D8 /* INR_Tracker_iOS_App */ = {
			isa = PBXGroup;
			children = (
				A4CADA2E2B44A68D00E329D8 /* App */,
				A4CADA2F2B44A6AC00E329D8 /* Components */,
				A4CADA362B44A71E00E329D8 /* Core */,
				A4CADA442B44A87200E329D8 /* Model */,
				A4CADA342B44A70000E329D8 /* GoogleService-Info.plist */,
				A4CADA232B44A64800E329D8 /* Assets.xcassets */,
				A4CADA252B44A64800E329D8 /* Preview Content */,
			);
			path = INR_Tracker_iOS_App;
			sourceTree = "<group>";
		};
		A4CADA252B44A64800E329D8 /* Preview Content */ = {
			isa = PBXGroup;
			children = (
				A4CADA262B44A64800E329D8 /* Preview Assets.xcassets */,
			);
			path = "Preview Content";
			sourceTree = "<group>";
		};
		A4CADA2E2B44A68D00E329D8 /* App */ = {
			isa = PBXGroup;
			children = (
				A4CADA1F2B44A64700E329D8 /* INR_Tracker_iOS_AppApp.swift */,
			);
			path = App;
			sourceTree = "<group>";
		};
		A4CADA2F2B44A6AC00E329D8 /* Components */ = {
			isa = PBXGroup;
			children = (
				A4CADA302B44A6C200E329D8 /* InputView.swift */,
				A4CADA322B44A6E600E329D8 /* SettingsRowView.swift */,
			);
			path = Components;
			sourceTree = "<group>";
		};
		A4CADA362B44A71E00E329D8 /* Core */ = {
			isa = PBXGroup;
			children = (
				A4CADA432B44A7EB00E329D8 /* Root */,
				A4CADA3A2B44A74700E329D8 /* Authentication */,
				A4CADA372B44A72600E329D8 /* Profile */,
			);
			path = Core;
			sourceTree = "<group>";
		};
		A4CADA372B44A72600E329D8 /* Profile */ = {
			isa = PBXGroup;
			children = (
				A4CADA382B44A73500E329D8 /* ProfileView.swift */,
			);
			path = Profile;
			sourceTree = "<group>";
		};
		A4CADA3A2B44A74700E329D8 /* Authentication */ = {
			isa = PBXGroup;
			children = (
				A4CADA3C2B44A75A00E329D8 /* ViewModel */,
				A4CADA3B2B44A75100E329D8 /* View */,
			);
			path = Authentication;
			sourceTree = "<group>";
		};
		A4CADA3B2B44A75100E329D8 /* View */ = {
			isa = PBXGroup;
			children = (
				A4CADA3D2B44A76E00E329D8 /* LoginView.swift */,
				A4CADA3F2B44A79100E329D8 /* RegistrationView.swift */,
			);
			path = View;
			sourceTree = "<group>";
		};
		A4CADA3C2B44A75A00E329D8 /* ViewModel */ = {
			isa = PBXGroup;
			children = (
				A4CADA412B44A7B900E329D8 /* AuthViewModel.swift */,
			);
			path = ViewModel;
			sourceTree = "<group>";
		};
		A4CADA432B44A7EB00E329D8 /* Root */ = {
			isa = PBXGroup;
			children = (
				A4CADA212B44A64700E329D8 /* ContentView.swift */,
			);
			path = Root;
			sourceTree = "<group>";
		};
		A4CADA442B44A87200E329D8 /* Model */ = {
			isa = PBXGroup;
			children = (
				A4CADA452B44A88600E329D8 /* User.swift */,
			);
			path = Model;
			sourceTree = "<group>";
		};
/* End PBXGroup section */

/* Begin PBXNativeTarget section */
		A4CADA1B2B44A64700E329D8 /* INR_Tracker_iOS_App */ = {
			isa = PBXNativeTarget;
			buildConfigurationList = A4CADA2A2B44A64800E329D8 /* Build configuration list for PBXNativeTarget "INR_Tracker_iOS_App" */;
			buildPhases = (
				A4CADA182B44A64700E329D8 /* Sources */,
				A4CADA192B44A64700E329D8 /* Frameworks */,
				A4CADA1A2B44A64700E329D8 /* Resources */,
			);
			buildRules = (
			);
			dependencies = (
			);
			name = INR_Tracker_iOS_App;
			packageProductDependencies = (
				A4DBF73E2B44AB3000BCDD64 /* FirebaseAnalytics */,
				A4DBF7402B44AB3000BCDD64 /* FirebaseAnalyticsOnDeviceConversion */,
				A4DBF7422B44AB3000BCDD64 /* FirebaseAnalyticsSwift */,
				A4DBF7442B44AB3000BCDD64 /* FirebaseAnalyticsWithoutAdIdSupport */,
				A4DBF7462B44AB3000BCDD64 /* FirebaseAppCheck */,
				A4DBF7482B44AB3000BCDD64 /* FirebaseAppDistribution-Beta */,
				A4DBF74A2B44AB3000BCDD64 /* FirebaseAuth */,
				A4DBF74C2B44AB3000BCDD64 /* FirebaseAuthCombine-Community */,
				A4DBF74E2B44AB3000BCDD64 /* FirebaseCrashlytics */,
				A4DBF7502B44AB3000BCDD64 /* FirebaseDatabase */,
				A4DBF7522B44AB3000BCDD64 /* FirebaseDatabaseSwift */,
				A4DBF7542B44AB3000BCDD64 /* FirebaseDynamicLinks */,
				A4DBF7562B44AB3000BCDD64 /* FirebaseFirestore */,
				A4DBF7582B44AB3000BCDD64 /* FirebaseFirestoreCombine-Community */,
				A4DBF75A2B44AB3000BCDD64 /* FirebaseFirestoreSwift */,
				A4DBF75C2B44AB3000BCDD64 /* FirebaseFunctions */,
				A4DBF75E2B44AB3000BCDD64 /* FirebaseFunctionsCombine-Community */,
				A4DBF7602B44AB3000BCDD64 /* FirebaseInAppMessaging-Beta */,
				A4DBF7622B44AB3000BCDD64 /* FirebaseInAppMessagingSwift-Beta */,
				A4DBF7642B44AB3000BCDD64 /* FirebaseInstallations */,
				A4DBF7662B44AB3000BCDD64 /* FirebaseMLModelDownloader */,
				A4DBF7682B44AB3000BCDD64 /* FirebaseMessaging */,
				A4DBF76A2B44AB3000BCDD64 /* FirebasePerformance */,
				A4DBF76C2B44AB3000BCDD64 /* FirebaseRemoteConfig */,
				A4DBF76E2B44AB3000BCDD64 /* FirebaseRemoteConfigSwift */,
				A4DBF7702B44AB3000BCDD64 /* FirebaseStorage */,
				A4DBF7722B44AB3000BCDD64 /* FirebaseStorageCombine-Community */,
			);
			productName = INR_Tracker_iOS_App;
			productReference = A4CADA1C2B44A64700E329D8 /* INR_Tracker_iOS_App.app */;
			productType = "com.apple.product-type.application";
		};
/* End PBXNativeTarget section */

/* Begin PBXProject section */
		A4CADA142B44A64700E329D8 /* Project object */ = {
			isa = PBXProject;
			attributes = {
				BuildIndependentTargetsInParallel = 1;
				LastSwiftUpdateCheck = 1510;
				LastUpgradeCheck = 1510;
				TargetAttributes = {
					A4CADA1B2B44A64700E329D8 = {
						CreatedOnToolsVersion = 15.1;
					};
				};
			};
			buildConfigurationList = A4CADA172B44A64700E329D8 /* Build configuration list for PBXProject "INR_Tracker_iOS_App" */;
			compatibilityVersion = "Xcode 14.0";
			developmentRegion = en;
			hasScannedForEncodings = 0;
			knownRegions = (
				en,
				Base,
			);
			mainGroup = A4CADA132B44A64700E329D8;
			packageReferences = (
				A4DBF73D2B44AB3000BCDD64 /* XCRemoteSwiftPackageReference "firebase-ios-sdk" */,
			);
			productRefGroup = A4CADA1D2B44A64700E329D8 /* Products */;
			projectDirPath = "";
			projectRoot = "";
			targets = (
				A4CADA1B2B44A64700E329D8 /* INR_Tracker_iOS_App */,
			);
		};
/* End PBXProject section */

/* Begin PBXResourcesBuildPhase section */
		A4CADA1A2B44A64700E329D8 /* Resources */ = {
			isa = PBXResourcesBuildPhase;
			buildActionMask = 2147483647;
			files = (
				A4CADA272B44A64800E329D8 /* Preview Assets.xcassets in Resources */,
				A4CADA242B44A64800E329D8 /* Assets.xcassets in Resources */,
				A4CADA352B44A70000E329D8 /* GoogleService-Info.plist in Resources */,
			);
			runOnlyForDeploymentPostprocessing = 0;
		};
/* End PBXResourcesBuildPhase section */

/* Begin PBXSourcesBuildPhase section */
		A4CADA182B44A64700E329D8 /* Sources */ = {
			isa = PBXSourcesBuildPhase;
			buildActionMask = 2147483647;
			files = (
				A4CADA3E2B44A76E00E329D8 /* LoginView.swift in Sources */,
				A4CADA332B44A6E600E329D8 /* SettingsRowView.swift in Sources */,
				A4CADA312B44A6C200E329D8 /* InputView.swift in Sources */,
				A4CADA402B44A79100E329D8 /* RegistrationView.swift in Sources */,
				A4CADA422B44A7B900E329D8 /* AuthViewModel.swift in Sources */,
				A4CADA462B44A88600E329D8 /* User.swift in Sources */,
				A4CADA392B44A73500E329D8 /* ProfileView.swift in Sources */,
				A4CADA222B44A64700E329D8 /* ContentView.swift in Sources */,
				A4CADA202B44A64700E329D8 /* INR_Tracker_iOS_AppApp.swift in Sources */,
			);
			runOnlyForDeploymentPostprocessing = 0;
		};
/* End PBXSourcesBuildPhase section */

/* Begin XCBuildConfiguration section */
		A4CADA282B44A64800E329D8 /* Debug */ = {
			isa = XCBuildConfiguration;
			buildSettings = {
				ALWAYS_SEARCH_USER_PATHS = NO;
				ASSETCATALOG_COMPILER_GENERATE_SWIFT_ASSET_SYMBOL_EXTENSIONS = YES;
				CLANG_ANALYZER_NONNULL = YES;
				CLANG_ANALYZER_NUMBER_OBJECT_CONVERSION = YES_AGGRESSIVE;
				CLANG_CXX_LANGUAGE_STANDARD = "gnu++20";
				CLANG_ENABLE_MODULES = YES;
				CLANG_ENABLE_OBJC_ARC = YES;
				CLANG_ENABLE_OBJC_WEAK = YES;
				CLANG_WARN_BLOCK_CAPTURE_AUTORELEASING = YES;
				CLANG_WARN_BOOL_CONVERSION = YES;
				CLANG_WARN_COMMA = YES;
				CLANG_WARN_CONSTANT_CONVERSION = YES;
				CLANG_WARN_DEPRECATED_OBJC_IMPLEMENTATIONS = YES;
				CLANG_WARN_DIRECT_OBJC_ISA_USAGE = YES_ERROR;
				CLANG_WARN_DOCUMENTATION_COMMENTS = YES;
				CLANG_WARN_EMPTY_BODY = YES;
				CLANG_WARN_ENUM_CONVERSION = YES;
				CLANG_WARN_INFINITE_RECURSION = YES;
				CLANG_WARN_INT_CONVERSION = YES;
				CLANG_WARN_NON_LITERAL_NULL_CONVERSION = YES;
				CLANG_WARN_OBJC_IMPLICIT_RETAIN_SELF = YES;
				CLANG_WARN_OBJC_LITERAL_CONVERSION = YES;
				CLANG_WARN_OBJC_ROOT_CLASS = YES_ERROR;
				CLANG_WARN_QUOTED_INCLUDE_IN_FRAMEWORK_HEADER = YES;
				CLANG_WARN_RANGE_LOOP_ANALYSIS = YES;
				CLANG_WARN_STRICT_PROTOTYPES = YES;
				CLANG_WARN_SUSPICIOUS_MOVE = YES;
				CLANG_WARN_UNGUARDED_AVAILABILITY = YES_AGGRESSIVE;
				CLANG_WARN_UNREACHABLE_CODE = YES;
				CLANG_WARN__DUPLICATE_METHOD_MATCH = YES;
				COPY_PHASE_STRIP = NO;
				DEBUG_INFORMATION_FORMAT = dwarf;
				ENABLE_STRICT_OBJC_MSGSEND = YES;
				ENABLE_TESTABILITY = YES;
				ENABLE_USER_SCRIPT_SANDBOXING = YES;
				GCC_C_LANGUAGE_STANDARD = gnu17;
				GCC_DYNAMIC_NO_PIC = NO;
				GCC_NO_COMMON_BLOCKS = YES;
				GCC_OPTIMIZATION_LEVEL = 0;
				GCC_PREPROCESSOR_DEFINITIONS = (
					"DEBUG=1",
					"$(inherited)",
				);
				GCC_WARN_64_TO_32_BIT_CONVERSION = YES;
				GCC_WARN_ABOUT_RETURN_TYPE = YES_ERROR;
				GCC_WARN_UNDECLARED_SELECTOR = YES;
				GCC_WARN_UNINITIALIZED_AUTOS = YES_AGGRESSIVE;
				GCC_WARN_UNUSED_FUNCTION = YES;
				GCC_WARN_UNUSED_VARIABLE = YES;
				IPHONEOS_DEPLOYMENT_TARGET = 17.2;
				LOCALIZATION_PREFERS_STRING_CATALOGS = YES;
				MTL_ENABLE_DEBUG_INFO = INCLUDE_SOURCE;
				MTL_FAST_MATH = YES;
				ONLY_ACTIVE_ARCH = YES;
				SDKROOT = iphoneos;
				SWIFT_ACTIVE_COMPILATION_CONDITIONS = "DEBUG $(inherited)";
				SWIFT_OPTIMIZATION_LEVEL = "-Onone";
			};
			name = Debug;
		};
		A4CADA292B44A64800E329D8 /* Release */ = {
			isa = XCBuildConfiguration;
			buildSettings = {
				ALWAYS_SEARCH_USER_PATHS = NO;
				ASSETCATALOG_COMPILER_GENERATE_SWIFT_ASSET_SYMBOL_EXTENSIONS = YES;
				CLANG_ANALYZER_NONNULL = YES;
				CLANG_ANALYZER_NUMBER_OBJECT_CONVERSION = YES_AGGRESSIVE;
				CLANG_CXX_LANGUAGE_STANDARD = "gnu++20";
				CLANG_ENABLE_MODULES = YES;
				CLANG_ENABLE_OBJC_ARC = YES;
				CLANG_ENABLE_OBJC_WEAK = YES;
				CLANG_WARN_BLOCK_CAPTURE_AUTORELEASING = YES;
				CLANG_WARN_BOOL_CONVERSION = YES;
				CLANG_WARN_COMMA = YES;
				CLANG_WARN_CONSTANT_CONVERSION = YES;
				CLANG_WARN_DEPRECATED_OBJC_IMPLEMENTATIONS = YES;
				CLANG_WARN_DIRECT_OBJC_ISA_USAGE = YES_ERROR;
				CLANG_WARN_DOCUMENTATION_COMMENTS = YES;
				CLANG_WARN_EMPTY_BODY = YES;
				CLANG_WARN_ENUM_CONVERSION = YES;
				CLANG_WARN_INFINITE_RECURSION = YES;
				CLANG_WARN_INT_CONVERSION = YES;
				CLANG_WARN_NON_LITERAL_NULL_CONVERSION = YES;
				CLANG_WARN_OBJC_IMPLICIT_RETAIN_SELF = YES;
				CLANG_WARN_OBJC_LITERAL_CONVERSION = YES;
				CLANG_WARN_OBJC_ROOT_CLASS = YES_ERROR;
				CLANG_WARN_QUOTED_INCLUDE_IN_FRAMEWORK_HEADER = YES;
				CLANG_WARN_RANGE_LOOP_ANALYSIS = YES;
				CLANG_WARN_STRICT_PROTOTYPES = YES;
				CLANG_WARN_SUSPICIOUS_MOVE = YES;
				CLANG_WARN_UNGUARDED_AVAILABILITY = YES_AGGRESSIVE;
				CLANG_WARN_UNREACHABLE_CODE = YES;
				CLANG_WARN__DUPLICATE_METHOD_MATCH = YES;
				COPY_PHASE_STRIP = NO;
				DEBUG_INFORMATION_FORMAT = "dwarf-with-dsym";
				ENABLE_NS_ASSERTIONS = NO;
				ENABLE_STRICT_OBJC_MSGSEND = YES;
				ENABLE_USER_SCRIPT_SANDBOXING = YES;
				GCC_C_LANGUAGE_STANDARD = gnu17;
				GCC_NO_COMMON_BLOCKS = YES;
				GCC_WARN_64_TO_32_BIT_CONVERSION = YES;
				GCC_WARN_ABOUT_RETURN_TYPE = YES_ERROR;
				GCC_WARN_UNDECLARED_SELECTOR = YES;
				GCC_WARN_UNINITIALIZED_AUTOS = YES_AGGRESSIVE;
				GCC_WARN_UNUSED_FUNCTION = YES;
				GCC_WARN_UNUSED_VARIABLE = YES;
				IPHONEOS_DEPLOYMENT_TARGET = 17.2;
				LOCALIZATION_PREFERS_STRING_CATALOGS = YES;
				MTL_ENABLE_DEBUG_INFO = NO;
				MTL_FAST_MATH = YES;
				SDKROOT = iphoneos;
				SWIFT_COMPILATION_MODE = wholemodule;
				VALIDATE_PRODUCT = YES;
			};
			name = Release;
		};
		A4CADA2B2B44A64800E329D8 /* Debug */ = {
			isa = XCBuildConfiguration;
			buildSettings = {
				ASSETCATALOG_COMPILER_APPICON_NAME = AppIcon;
				ASSETCATALOG_COMPILER_GLOBAL_ACCENT_COLOR_NAME = AccentColor;
				CODE_SIGN_STYLE = Automatic;
				CURRENT_PROJECT_VERSION = 1;
				DEVELOPMENT_ASSET_PATHS = "\"INR_Tracker_iOS_App/Preview Content\"";
				DEVELOPMENT_TEAM = 34ZJKJ84YB;
				ENABLE_PREVIEWS = YES;
				GENERATE_INFOPLIST_FILE = YES;
				INFOPLIST_KEY_UIApplicationSceneManifest_Generation = YES;
				INFOPLIST_KEY_UIApplicationSupportsIndirectInputEvents = YES;
				INFOPLIST_KEY_UILaunchScreen_Generation = YES;
				INFOPLIST_KEY_UISupportedInterfaceOrientations_iPad = "UIInterfaceOrientationPortrait UIInterfaceOrientationPortraitUpsideDown UIInterfaceOrientationLandscapeLeft UIInterfaceOrientationLandscapeRight";
				INFOPLIST_KEY_UISupportedInterfaceOrientations_iPhone = "UIInterfaceOrientationPortrait UIInterfaceOrientationLandscapeLeft UIInterfaceOrientationLandscapeRight";
				LD_RUNPATH_SEARCH_PATHS = (
					"$(inherited)",
					"@executable_path/Frameworks",
				);
				MARKETING_VERSION = 1.0;
				PRODUCT_BUNDLE_IDENTIFIER = "com.chrisbrunet.INR-Tracker-iOS-App";
				PRODUCT_NAME = "$(TARGET_NAME)";
				SWIFT_EMIT_LOC_STRINGS = YES;
				SWIFT_VERSION = 5.0;
				TARGETED_DEVICE_FAMILY = "1,2";
			};
			name = Debug;
		};
		A4CADA2C2B44A64800E329D8 /* Release */ = {
			isa = XCBuildConfiguration;
			buildSettings = {
				ASSETCATALOG_COMPILER_APPICON_NAME = AppIcon;
				ASSETCATALOG_COMPILER_GLOBAL_ACCENT_COLOR_NAME = AccentColor;
				CODE_SIGN_STYLE = Automatic;
				CURRENT_PROJECT_VERSION = 1;
				DEVELOPMENT_ASSET_PATHS = "\"INR_Tracker_iOS_App/Preview Content\"";
				DEVELOPMENT_TEAM = 34ZJKJ84YB;
				ENABLE_PREVIEWS = YES;
				GENERATE_INFOPLIST_FILE = YES;
				INFOPLIST_KEY_UIApplicationSceneManifest_Generation = YES;
				INFOPLIST_KEY_UIApplicationSupportsIndirectInputEvents = YES;
				INFOPLIST_KEY_UILaunchScreen_Generation = YES;
				INFOPLIST_KEY_UISupportedInterfaceOrientations_iPad = "UIInterfaceOrientationPortrait UIInterfaceOrientationPortraitUpsideDown UIInterfaceOrientationLandscapeLeft UIInterfaceOrientationLandscapeRight";
				INFOPLIST_KEY_UISupportedInterfaceOrientations_iPhone = "UIInterfaceOrientationPortrait UIInterfaceOrientationLandscapeLeft UIInterfaceOrientationLandscapeRight";
				LD_RUNPATH_SEARCH_PATHS = (
					"$(inherited)",
					"@executable_path/Frameworks",
				);
				MARKETING_VERSION = 1.0;
				PRODUCT_BUNDLE_IDENTIFIER = "com.chrisbrunet.INR-Tracker-iOS-App";
				PRODUCT_NAME = "$(TARGET_NAME)";
				SWIFT_EMIT_LOC_STRINGS = YES;
				SWIFT_VERSION = 5.0;
				TARGETED_DEVICE_FAMILY = "1,2";
			};
			name = Release;
		};
/* End XCBuildConfiguration section */

/* Begin XCConfigurationList section */
		A4CADA172B44A64700E329D8 /* Build configuration list for PBXProject "INR_Tracker_iOS_App" */ = {
			isa = XCConfigurationList;
			buildConfigurations = (
				A4CADA282B44A64800E329D8 /* Debug */,
				A4CADA292B44A64800E329D8 /* Release */,
			);
			defaultConfigurationIsVisible = 0;
			defaultConfigurationName = Release;
		};
		A4CADA2A2B44A64800E329D8 /* Build configuration list for PBXNativeTarget "INR_Tracker_iOS_App" */ = {
			isa = XCConfigurationList;
			buildConfigurations = (
				A4CADA2B2B44A64800E329D8 /* Debug */,
				A4CADA2C2B44A64800E329D8 /* Release */,
			);
			defaultConfigurationIsVisible = 0;
			defaultConfigurationName = Release;
		};
/* End XCConfigurationList section */

/* Begin XCRemoteSwiftPackageReference section */
		A4DBF73D2B44AB3000BCDD64 /* XCRemoteSwiftPackageReference "firebase-ios-sdk" */ = {
			isa = XCRemoteSwiftPackageReference;
			repositoryURL = "https://github.com/firebase/firebase-ios-sdk";
			requirement = {
				kind = upToNextMajorVersion;
				minimumVersion = 10.19.1;
			};
		};
/* End XCRemoteSwiftPackageReference section */

/* Begin XCSwiftPackageProductDependency section */
		A4DBF73E2B44AB3000BCDD64 /* FirebaseAnalytics */ = {
			isa = XCSwiftPackageProductDependency;
			package = A4DBF73D2B44AB3000BCDD64 /* XCRemoteSwiftPackageReference "firebase-ios-sdk" */;
			productName = FirebaseAnalytics;
		};
		A4DBF7402B44AB3000BCDD64 /* FirebaseAnalyticsOnDeviceConversion */ = {
			isa = XCSwiftPackageProductDependency;
			package = A4DBF73D2B44AB3000BCDD64 /* XCRemoteSwiftPackageReference "firebase-ios-sdk" */;
			productName = FirebaseAnalyticsOnDeviceConversion;
		};
		A4DBF7422B44AB3000BCDD64 /* FirebaseAnalyticsSwift */ = {
			isa = XCSwiftPackageProductDependency;
			package = A4DBF73D2B44AB3000BCDD64 /* XCRemoteSwiftPackageReference "firebase-ios-sdk" */;
			productName = FirebaseAnalyticsSwift;
		};
		A4DBF7442B44AB3000BCDD64 /* FirebaseAnalyticsWithoutAdIdSupport */ = {
			isa = XCSwiftPackageProductDependency;
			package = A4DBF73D2B44AB3000BCDD64 /* XCRemoteSwiftPackageReference "firebase-ios-sdk" */;
			productName = FirebaseAnalyticsWithoutAdIdSupport;
		};
		A4DBF7462B44AB3000BCDD64 /* FirebaseAppCheck */ = {
			isa = XCSwiftPackageProductDependency;
			package = A4DBF73D2B44AB3000BCDD64 /* XCRemoteSwiftPackageReference "firebase-ios-sdk" */;
			productName = FirebaseAppCheck;
		};
		A4DBF7482B44AB3000BCDD64 /* FirebaseAppDistribution-Beta */ = {
			isa = XCSwiftPackageProductDependency;
			package = A4DBF73D2B44AB3000BCDD64 /* XCRemoteSwiftPackageReference "firebase-ios-sdk" */;
			productName = "FirebaseAppDistribution-Beta";
		};
		A4DBF74A2B44AB3000BCDD64 /* FirebaseAuth */ = {
			isa = XCSwiftPackageProductDependency;
			package = A4DBF73D2B44AB3000BCDD64 /* XCRemoteSwiftPackageReference "firebase-ios-sdk" */;
			productName = FirebaseAuth;
		};
		A4DBF74C2B44AB3000BCDD64 /* FirebaseAuthCombine-Community */ = {
			isa = XCSwiftPackageProductDependency;
			package = A4DBF73D2B44AB3000BCDD64 /* XCRemoteSwiftPackageReference "firebase-ios-sdk" */;
			productName = "FirebaseAuthCombine-Community";
		};
		A4DBF74E2B44AB3000BCDD64 /* FirebaseCrashlytics */ = {
			isa = XCSwiftPackageProductDependency;
			package = A4DBF73D2B44AB3000BCDD64 /* XCRemoteSwiftPackageReference "firebase-ios-sdk" */;
			productName = FirebaseCrashlytics;
		};
		A4DBF7502B44AB3000BCDD64 /* FirebaseDatabase */ = {
			isa = XCSwiftPackageProductDependency;
			package = A4DBF73D2B44AB3000BCDD64 /* XCRemoteSwiftPackageReference "firebase-ios-sdk" */;
			productName = FirebaseDatabase;
		};
		A4DBF7522B44AB3000BCDD64 /* FirebaseDatabaseSwift */ = {
			isa = XCSwiftPackageProductDependency;
			package = A4DBF73D2B44AB3000BCDD64 /* XCRemoteSwiftPackageReference "firebase-ios-sdk" */;
			productName = FirebaseDatabaseSwift;
		};
		A4DBF7542B44AB3000BCDD64 /* FirebaseDynamicLinks */ = {
			isa = XCSwiftPackageProductDependency;
			package = A4DBF73D2B44AB3000BCDD64 /* XCRemoteSwiftPackageReference "firebase-ios-sdk" */;
			productName = FirebaseDynamicLinks;
		};
		A4DBF7562B44AB3000BCDD64 /* FirebaseFirestore */ = {
			isa = XCSwiftPackageProductDependency;
			package = A4DBF73D2B44AB3000BCDD64 /* XCRemoteSwiftPackageReference "firebase-ios-sdk" */;
			productName = FirebaseFirestore;
		};
		A4DBF7582B44AB3000BCDD64 /* FirebaseFirestoreCombine-Community */ = {
			isa = XCSwiftPackageProductDependency;
			package = A4DBF73D2B44AB3000BCDD64 /* XCRemoteSwiftPackageReference "firebase-ios-sdk" */;
			productName = "FirebaseFirestoreCombine-Community";
		};
		A4DBF75A2B44AB3000BCDD64 /* FirebaseFirestoreSwift */ = {
			isa = XCSwiftPackageProductDependency;
			package = A4DBF73D2B44AB3000BCDD64 /* XCRemoteSwiftPackageReference "firebase-ios-sdk" */;
			productName = FirebaseFirestoreSwift;
		};
		A4DBF75C2B44AB3000BCDD64 /* FirebaseFunctions */ = {
			isa = XCSwiftPackageProductDependency;
			package = A4DBF73D2B44AB3000BCDD64 /* XCRemoteSwiftPackageReference "firebase-ios-sdk" */;
			productName = FirebaseFunctions;
		};
		A4DBF75E2B44AB3000BCDD64 /* FirebaseFunctionsCombine-Community */ = {
			isa = XCSwiftPackageProductDependency;
			package = A4DBF73D2B44AB3000BCDD64 /* XCRemoteSwiftPackageReference "firebase-ios-sdk" */;
			productName = "FirebaseFunctionsCombine-Community";
		};
		A4DBF7602B44AB3000BCDD64 /* FirebaseInAppMessaging-Beta */ = {
			isa = XCSwiftPackageProductDependency;
			package = A4DBF73D2B44AB3000BCDD64 /* XCRemoteSwiftPackageReference "firebase-ios-sdk" */;
			productName = "FirebaseInAppMessaging-Beta";
		};
		A4DBF7622B44AB3000BCDD64 /* FirebaseInAppMessagingSwift-Beta */ = {
			isa = XCSwiftPackageProductDependency;
			package = A4DBF73D2B44AB3000BCDD64 /* XCRemoteSwiftPackageReference "firebase-ios-sdk" */;
			productName = "FirebaseInAppMessagingSwift-Beta";
		};
		A4DBF7642B44AB3000BCDD64 /* FirebaseInstallations */ = {
			isa = XCSwiftPackageProductDependency;
			package = A4DBF73D2B44AB3000BCDD64 /* XCRemoteSwiftPackageReference "firebase-ios-sdk" */;
			productName = FirebaseInstallations;
		};
		A4DBF7662B44AB3000BCDD64 /* FirebaseMLModelDownloader */ = {
			isa = XCSwiftPackageProductDependency;
			package = A4DBF73D2B44AB3000BCDD64 /* XCRemoteSwiftPackageReference "firebase-ios-sdk" */;
			productName = FirebaseMLModelDownloader;
		};
		A4DBF7682B44AB3000BCDD64 /* FirebaseMessaging */ = {
			isa = XCSwiftPackageProductDependency;
			package = A4DBF73D2B44AB3000BCDD64 /* XCRemoteSwiftPackageReference "firebase-ios-sdk" */;
			productName = FirebaseMessaging;
		};
		A4DBF76A2B44AB3000BCDD64 /* FirebasePerformance */ = {
			isa = XCSwiftPackageProductDependency;
			package = A4DBF73D2B44AB3000BCDD64 /* XCRemoteSwiftPackageReference "firebase-ios-sdk" */;
			productName = FirebasePerformance;
		};
		A4DBF76C2B44AB3000BCDD64 /* FirebaseRemoteConfig */ = {
			isa = XCSwiftPackageProductDependency;
			package = A4DBF73D2B44AB3000BCDD64 /* XCRemoteSwiftPackageReference "firebase-ios-sdk" */;
			productName = FirebaseRemoteConfig;
		};
		A4DBF76E2B44AB3000BCDD64 /* FirebaseRemoteConfigSwift */ = {
			isa = XCSwiftPackageProductDependency;
			package = A4DBF73D2B44AB3000BCDD64 /* XCRemoteSwiftPackageReference "firebase-ios-sdk" */;
			productName = FirebaseRemoteConfigSwift;
		};
		A4DBF7702B44AB3000BCDD64 /* FirebaseStorage */ = {
			isa = XCSwiftPackageProductDependency;
			package = A4DBF73D2B44AB3000BCDD64 /* XCRemoteSwiftPackageReference "firebase-ios-sdk" */;
			productName = FirebaseStorage;
		};
		A4DBF7722B44AB3000BCDD64 /* FirebaseStorageCombine-Community */ = {
			isa = XCSwiftPackageProductDependency;
			package = A4DBF73D2B44AB3000BCDD64 /* XCRemoteSwiftPackageReference "firebase-ios-sdk" */;
			productName = "FirebaseStorageCombine-Community";
		};
/* End XCSwiftPackageProductDependency section */
	};
	rootObject = A4CADA142B44A64700E329D8 /* Project object */;
}
